
Microsoft Visual Studio Solution File, Format Version 12.00
# Visual Studio Version 17
VisualStudioVersion = 17.5.33516.290
MinimumVisualStudioVersion = 10.0.40219.1
Project("{FAE04EC0-301F-11D3-BF4B-00C04F79EFBC}") = "MiniCAM", "MiniCAM\MiniCAM.csproj", "{BEB9C158-3BF7-4C0C-911E-42BF0E1AEEA4}"
EndProject
Project("{2150E333-8FDC-42A3-9474-1A3956D46DE8}") = "솔루션 항목", "솔루션 항목", "{559CCB9D-8B68-4A0E-A384-C85FA3150268}"
	ProjectSection(SolutionItems) = preProject
		NCdata샘플.txt = NCdata샘플.txt
		리팩토링 계획.txt = 리팩토링 계획.txt
		코드리뷰.txt = 코드리뷰.txt
		프로젝트 관련 메모.txt = 프로젝트 관련 메모.txt
		해칭 알고리즘.txt = 해칭 알고리즘.txt
	EndProjectSection
EndProject
Project("{2150E333-8FDC-42A3-9474-1A3956D46DE8}") = "테스트", "테스트", "{BECB0419-80AE-4017-B2BF-893549F4E614}"
	ProjectSection(SolutionItems) = preProject
		TestImage.bmp = TestImage.bmp
	EndProjectSection
EndProject
Project("{FAE04EC0-301F-11D3-BF4B-00C04F79EFBC}") = "BmpTest", "BmpTest\BmpTest.csproj", "{8110BF6D-12D9-4BE9-BF9F-9CA15875FD54}"
EndProject
Global
	GlobalSection(SolutionConfigurationPlatforms) = preSolution
		Debug|Any CPU = Debug|Any CPU
		Release|Any CPU = Release|Any CPU
	EndGlobalSection
	GlobalSection(ProjectConfigurationPlatforms) = postSolution
		{BEB9C158-3BF7-4C0C-911E-42BF0E1AEEA4}.Debug|Any CPU.ActiveCfg = Debug|Any CPU
		{BEB9C158-3BF7-4C0C-911E-42BF0E1AEEA4}.Debug|Any CPU.Build.0 = Debug|Any CPU
		{BEB9C158-3BF7-4C0C-911E-42BF0E1AEEA4}.Release|Any CPU.ActiveCfg = Release|Any CPU
		{BEB9C158-3BF7-4C0C-911E-42BF0E1AEEA4}.Release|Any CPU.Build.0 = Release|Any CPU
		{8110BF6D-12D9-4BE9-BF9F-9CA15875FD54}.Debug|Any CPU.ActiveCfg = Debug|Any CPU
		{8110BF6D-12D9-4BE9-BF9F-9CA15875FD54}.Debug|Any CPU.Build.0 = Debug|Any CPU
		{8110BF6D-12D9-4BE9-BF9F-9CA15875FD54}.Release|Any CPU.ActiveCfg = Release|Any CPU
		{8110BF6D-12D9-4BE9-BF9F-9CA15875FD54}.Release|Any CPU.Build.0 = Release|Any CPU
	EndGlobalSection
	GlobalSection(SolutionProperties) = preSolution
		HideSolutionNode = FALSE
	EndGlobalSection
	GlobalSection(NestedProjects) = preSolution
		{BECB0419-80AE-4017-B2BF-893549F4E614} = {559CCB9D-8B68-4A0E-A384-C85FA3150268}
		{8110BF6D-12D9-4BE9-BF9F-9CA15875FD54} = {BECB0419-80AE-4017-B2BF-893549F4E614}
	EndGlobalSection
	GlobalSection(ExtensibilityGlobals) = postSolution
		SolutionGuid = {D2A95542-8440-40BC-9655-552B5704CCFC}
	EndGlobalSection
EndGlobal
